# This file is automatically @generated by Cargo.
# It is not intended for manual editing.
version = 3

[[package]]
name = "my-project"
version = "0.1.0"
dependencies = [
 "png_encode_mini",
]

[[package]]
name = "png_encode_mini"
version = "0.1.2"
source = "registry+https://github.com/rust-lang/crates.io-index"
checksum = "116ae962ea1a679f99915c2c53dc470b45aaf6b42e607580d16fce8c6248f666"
